
Microsoft Visual Studio Solution File, Format Version 12.00
# Visual Studio Version 16
VisualStudioVersion = 16.0.31605.320
MinimumVisualStudioVersion = 10.0.40219.1
Project("{FAE04EC0-301F-11D3-BF4B-00C04F79EFBC}") = "DummyApi", "DummyApi\DummyApi.csproj", "{EA7BD564-5792-41C7-9C67-AC1AC8477228}"
EndProject
Global
	GlobalSection(SolutionConfigurationPlatforms) = preSolution
		Debug|Any CPU = Debug|Any CPU
		Release|Any CPU = Release|Any CPU
	EndGlobalSection
	GlobalSection(ProjectConfigurationPlatforms) = postSolution
		{EA7BD564-5792-41C7-9C67-AC1AC8477228}.Debug|Any CPU.ActiveCfg = Debug|Any CPU
		{EA7BD564-5792-41C7-9C67-AC1AC8477228}.Debug|Any CPU.Build.0 = Debug|Any CPU
		{EA7BD564-5792-41C7-9C67-AC1AC8477228}.Release|Any CPU.ActiveCfg = Release|Any CPU
		{EA7BD564-5792-41C7-9C67-AC1AC8477228}.Release|Any CPU.Build.0 = Release|Any CPU
	EndGlobalSection
	GlobalSection(SolutionProperties) = preSolution
		HideSolutionNode = FALSE
	EndGlobalSection
	GlobalSection(ExtensibilityGlobals) = postSolution
		SolutionGuid = {FFA1BBD4-F0F1-4D35-8107-3912F0F0B809}
	EndGlobalSection
EndGlobal
